
Microsoft Visual Studio Solution File, Format Version 12.00
# Visual Studio 15
VisualStudioVersion = 15.0.27703.2042
MinimumVisualStudioVersion = 10.0.40219.1
Project("{FAE04EC0-301F-11D3-BF4B-00C04F79EFBC}") = "StructureMap.WebForms", "StructureMap.WebForms\StructureMap.WebForms.csproj", "{98D5E8CA-8D15-4697-AED6-C88ACDE474EE}"
EndProject
Global
	GlobalSection(SolutionConfigurationPlatforms) = preSolution
		Debug|Any CPU = Debug|Any CPU
		Release|Any CPU = Release|Any CPU
	EndGlobalSection
	GlobalSection(ProjectConfigurationPlatforms) = postSolution
		{98D5E8CA-8D15-4697-AED6-C88ACDE474EE}.Debug|Any CPU.ActiveCfg = Debug|Any CPU
		{98D5E8CA-8D15-4697-AED6-C88ACDE474EE}.Debug|Any CPU.Build.0 = Debug|Any CPU
		{98D5E8CA-8D15-4697-AED6-C88ACDE474EE}.Release|Any CPU.ActiveCfg = Release|Any CPU
		{98D5E8CA-8D15-4697-AED6-C88ACDE474EE}.Release|Any CPU.Build.0 = Release|Any CPU
	EndGlobalSection
	GlobalSection(SolutionProperties) = preSolution
		HideSolutionNode = FALSE
	EndGlobalSection
	GlobalSection(ExtensibilityGlobals) = postSolution
		SolutionGuid = {043B4979-8277-42AA-8140-11CDF298B1D6}
	EndGlobalSection
EndGlobal
